{
    "name": "tests",
    "lockfileVersion": 2,
    "requires": true,
    "packages": {
        "": {
            "devDependencies": {
                "@playwright/test": "^1.22.2",
                "@types/uuid": "^8.3.4",
                "dotenv": "^16.0.1",
                "uuid": "^8.3.2"
            }
        },
        "node_modules/@playwright/test": {
            "version": "1.22.2",
            "resolved": "https://registry.npmjs.org/@playwright/test/-/test-1.22.2.tgz",
            "integrity": "sha512-cCl96BEBGPtptFz7C2FOSN3PrTnJ3rPpENe+gYCMx4GNNDlN4tmo2D89y13feGKTMMAIVrXfSQ/UmaQKLy1XLA==",
            "dev": true,
            "dependencies": {
                "@types/node": "*",
                "playwright-core": "1.22.2"
            },
            "bin": {
                "playwright": "cli.js"
            },
            "engines": {
                "node": ">=14"
            }
        },
        "node_modules/@types/node": {
            "version": "17.0.38",
            "resolved": "https://registry.npmjs.org/@types/node/-/node-17.0.38.tgz",
            "integrity": "sha512-5jY9RhV7c0Z4Jy09G+NIDTsCZ5G0L5n+Z+p+Y7t5VJHM30bgwzSjVtlcBxqAj+6L/swIlvtOSzr8rBk/aNyV2g==",
            "dev": true
        },
        "node_modules/@types/uuid": {
            "version": "8.3.4",
            "resolved": "https://registry.npmjs.org/@types/uuid/-/uuid-8.3.4.tgz",
            "integrity": "sha512-c/I8ZRb51j+pYGAu5CrFMRxqZ2ke4y2grEBO5AUjgSkSk+qT2Ea+OdWElz/OiMf5MNpn2b17kuVBwZLQJXzihw==",
            "dev": true
        },
        "node_modules/dotenv": {
            "version": "16.0.1",
            "resolved": "https://registry.npmjs.org/dotenv/-/dotenv-16.0.1.tgz",
            "integrity": "sha512-1K6hR6wtk2FviQ4kEiSjFiH5rpzEVi8WW0x96aztHVMhEspNpc4DVOUTEHtEva5VThQ8IaBX1Pe4gSzpVVUsKQ==",
            "dev": true,
            "engines": {
                "node": ">=12"
            }
        },
        "node_modules/playwright-core": {
            "version": "1.22.2",
            "resolved": "https://registry.npmjs.org/playwright-core/-/playwright-core-1.22.2.tgz",
            "integrity": "sha512-w/hc/Ld0RM4pmsNeE6aL/fPNWw8BWit2tg+TfqJ3+p59c6s3B6C8mXvXrIPmfQEobkcFDc+4KirNzOQ+uBSP1Q==",
            "dev": true,
            "bin": {
                "playwright": "cli.js"
            },
            "engines": {
                "node": ">=14"
            }
        },
        "node_modules/uuid": {
            "version": "8.3.2",
            "resolved": "https://registry.npmjs.org/uuid/-/uuid-8.3.2.tgz",
            "integrity": "sha512-+NYs2QeMWy+GWFOEm9xnn6HCDp0l7QBD7ml8zLUmJ+93Q5NF0NocErnwkTkXVFNiX3/fpC6afS8Dhb/gz7R7eg==",
            "dev": true,
            "bin": {
                "uuid": "dist/bin/uuid"
            }
        }
    },
    "dependencies": {
        "@playwright/test": {
            "version": "1.22.2",
            "resolved": "https://registry.npmjs.org/@playwright/test/-/test-1.22.2.tgz",
            "integrity": "sha512-cCl96BEBGPtptFz7C2FOSN3PrTnJ3rPpENe+gYCMx4GNNDlN4tmo2D89y13feGKTMMAIVrXfSQ/UmaQKLy1XLA==",
            "dev": true,
            "requires": {
                "@types/node": "*",
                "playwright-core": "1.22.2"
            }
        },
        "@types/node": {
            "version": "17.0.38",
            "resolved": "https://registry.npmjs.org/@types/node/-/node-17.0.38.tgz",
            "integrity": "sha512-5jY9RhV7c0Z4Jy09G+NIDTsCZ5G0L5n+Z+p+Y7t5VJHM30bgwzSjVtlcBxqAj+6L/swIlvtOSzr8rBk/aNyV2g==",
            "dev": true
        },
        "@types/uuid": {
            "version": "8.3.4",
            "resolved": "https://registry.npmjs.org/@types/uuid/-/uuid-8.3.4.tgz",
            "integrity": "sha512-c/I8ZRb51j+pYGAu5CrFMRxqZ2ke4y2grEBO5AUjgSkSk+qT2Ea+OdWElz/OiMf5MNpn2b17kuVBwZLQJXzihw==",
            "dev": true
        },
        "dotenv": {
            "version": "16.0.1",
            "resolved": "https://registry.npmjs.org/dotenv/-/dotenv-16.0.1.tgz",
            "integrity": "sha512-1K6hR6wtk2FviQ4kEiSjFiH5rpzEVi8WW0x96aztHVMhEspNpc4DVOUTEHtEva5VThQ8IaBX1Pe4gSzpVVUsKQ==",
            "dev": true
        },
        "playwright-core": {
            "version": "1.22.2",
            "resolved": "https://registry.npmjs.org/playwright-core/-/playwright-core-1.22.2.tgz",
            "integrity": "sha512-w/hc/Ld0RM4pmsNeE6aL/fPNWw8BWit2tg+TfqJ3+p59c6s3B6C8mXvXrIPmfQEobkcFDc+4KirNzOQ+uBSP1Q==",
            "dev": true
        },
        "uuid": {
            "version": "8.3.2",
            "resolved": "https://registry.npmjs.org/uuid/-/uuid-8.3.2.tgz",
            "integrity": "sha512-+NYs2QeMWy+GWFOEm9xnn6HCDp0l7QBD7ml8zLUmJ+93Q5NF0NocErnwkTkXVFNiX3/fpC6afS8Dhb/gz7R7eg==",
            "dev": true
        }
    }
}
